
Microsoft Visual Studio Solution File, Format Version 12.00
# Visual Studio Version 16
VisualStudioVersion = 16.0.32602.291
MinimumVisualStudioVersion = 10.0.40219.1
Project("{8BC9CEB8-8B4A-11D0-8D11-00A0C91BC942}") = "Server", "Server\Server.vcxproj", "{6C6528C6-9D09-4D6D-A63F-396F5967C87E}"
EndProject
Project("{8BC9CEB8-8B4A-11D0-8D11-00A0C91BC942}") = "Client", "Client\Client.vcxproj", "{DBF3415A-87AB-46DB-AF2F-0440FD6DF20C}"
EndProject
Global
	GlobalSection(SolutionConfigurationPlatforms) = preSolution
		Debug|x64 = Debug|x64
		Debug|x86 = Debug|x86
		Release|x64 = Release|x64
		Release|x86 = Release|x86
	EndGlobalSection
	GlobalSection(ProjectConfigurationPlatforms) = postSolution
		{6C6528C6-9D09-4D6D-A63F-396F5967C87E}.Debug|x64.ActiveCfg = Debug|x64
		{6C6528C6-9D09-4D6D-A63F-396F5967C87E}.Debug|x64.Build.0 = Debug|x64
		{6C6528C6-9D09-4D6D-A63F-396F5967C87E}.Debug|x86.ActiveCfg = Debug|Win32
		{6C6528C6-9D09-4D6D-A63F-396F5967C87E}.Debug|x86.Build.0 = Debug|Win32
		{6C6528C6-9D09-4D6D-A63F-396F5967C87E}.Release|x64.ActiveCfg = Release|x64
		{6C6528C6-9D09-4D6D-A63F-396F5967C87E}.Release|x64.Build.0 = Release|x64
		{6C6528C6-9D09-4D6D-A63F-396F5967C87E}.Release|x86.ActiveCfg = Release|Win32
		{6C6528C6-9D09-4D6D-A63F-396F5967C87E}.Release|x86.Build.0 = Release|Win32
		{DBF3415A-87AB-46DB-AF2F-0440FD6DF20C}.Debug|x64.ActiveCfg = Debug|x64
		{DBF3415A-87AB-46DB-AF2F-0440FD6DF20C}.Debug|x64.Build.0 = Debug|x64
		{DBF3415A-87AB-46DB-AF2F-0440FD6DF20C}.Debug|x86.ActiveCfg = Debug|Win32
		{DBF3415A-87AB-46DB-AF2F-0440FD6DF20C}.Debug|x86.Build.0 = Debug|Win32
		{DBF3415A-87AB-46DB-AF2F-0440FD6DF20C}.Release|x64.ActiveCfg = Release|x64
		{DBF3415A-87AB-46DB-AF2F-0440FD6DF20C}.Release|x64.Build.0 = Release|x64
		{DBF3415A-87AB-46DB-AF2F-0440FD6DF20C}.Release|x86.ActiveCfg = Release|Win32
		{DBF3415A-87AB-46DB-AF2F-0440FD6DF20C}.Release|x86.Build.0 = Release|Win32
	EndGlobalSection
	GlobalSection(SolutionProperties) = preSolution
		HideSolutionNode = FALSE
	EndGlobalSection
	GlobalSection(ExtensibilityGlobals) = postSolution
		SolutionGuid = {323C5E6D-E33D-45DA-BC26-2E0838864D44}
	EndGlobalSection
EndGlobal
